
Microsoft Visual Studio Solution File, Format Version 12.00
# Visual Studio Version 16
VisualStudioVersion = 16.0.28917.182
MinimumVisualStudioVersion = 10.0.40219.1
Project("{9A19103F-16F7-4668-BE54-9A1E7A4F7556}") = "Jurify.Advogados.Api", "Jurify.Advogados.Api\Jurify.Advogados.Api.csproj", "{8A932145-37E9-4734-A358-398896348621}"
EndProject
Project("{2150E333-8FDC-42A3-9474-1A3956D46DE8}") = "Docs", "Docs", "{0E4770EE-DF1C-44B3-AA22-87D48246E38A}"
EndProject
Project("{2150E333-8FDC-42A3-9474-1A3956D46DE8}") = "Database", "Database", "{FCC1589A-A67A-41FB-8C88-EB25BC6384DE}"
	ProjectSection(SolutionItems) = preProject
		Docs\Database\jurify-advogados-ddl.sql = Docs\Database\jurify-advogados-ddl.sql
	EndProjectSection
EndProject
Project("{9A19103F-16F7-4668-BE54-9A1E7A4F7556}") = "Jurify.Advogados.Api.Tests", "Jurify.Advogados.Api.Tests\Jurify.Advogados.Api.Tests.csproj", "{56F9CAD4-DF45-4436-915C-4048D25737BC}"
EndProject
Global
	GlobalSection(SolutionConfigurationPlatforms) = preSolution
		Debug|Any CPU = Debug|Any CPU
		Release|Any CPU = Release|Any CPU
	EndGlobalSection
	GlobalSection(ProjectConfigurationPlatforms) = postSolution
		{8A932145-37E9-4734-A358-398896348621}.Debug|Any CPU.ActiveCfg = Debug|Any CPU
		{8A932145-37E9-4734-A358-398896348621}.Debug|Any CPU.Build.0 = Debug|Any CPU
		{8A932145-37E9-4734-A358-398896348621}.Release|Any CPU.ActiveCfg = Release|Any CPU
		{8A932145-37E9-4734-A358-398896348621}.Release|Any CPU.Build.0 = Release|Any CPU
		{56F9CAD4-DF45-4436-915C-4048D25737BC}.Debug|Any CPU.ActiveCfg = Debug|Any CPU
		{56F9CAD4-DF45-4436-915C-4048D25737BC}.Debug|Any CPU.Build.0 = Debug|Any CPU
		{56F9CAD4-DF45-4436-915C-4048D25737BC}.Release|Any CPU.ActiveCfg = Release|Any CPU
		{56F9CAD4-DF45-4436-915C-4048D25737BC}.Release|Any CPU.Build.0 = Release|Any CPU
	EndGlobalSection
	GlobalSection(SolutionProperties) = preSolution
		HideSolutionNode = FALSE
	EndGlobalSection
	GlobalSection(NestedProjects) = preSolution
		{FCC1589A-A67A-41FB-8C88-EB25BC6384DE} = {0E4770EE-DF1C-44B3-AA22-87D48246E38A}
	EndGlobalSection
	GlobalSection(ExtensibilityGlobals) = postSolution
		SolutionGuid = {89406E1E-5745-4A05-8D96-2A4E9D903677}
	EndGlobalSection
EndGlobal
